<?xml version="1.0" encoding="utf-8"?>
<Project ToolsVersion="4.0" xmlns="http://schemas.microsoft.com/developer/msbuild/2003">
  <ItemGroup>
    <Filter Include="源文件">
      <UniqueIdentifier>{4FC737F1-C7A5-4376-A066-2A32D752A2FF}</UniqueIdentifier>
      <Extensions>cpp;c;cc;cxx;def;odl;idl;hpj;bat;asm;asmx</Extensions>
    </Filter>
    <Filter Include="头文件">
      <UniqueIdentifier>{93995380-89BD-4b04-88EB-625FBE52EBFB}</UniqueIdentifier>
      <Extensions>h;hh;hpp;hxx;hm;inl;inc;xsd</Extensions>
    </Filter>
    <Filter Include="资源文件">
      <UniqueIdentifier>{67DA6AB6-F800-4c08-8B7A-83BB121AAD01}</UniqueIdentifier>
      <Extensions>rc;ico;cur;bmp;dlg;rc2;rct;bin;rgs;gif;jpg;jpeg;jpe;resx;tiff;tif;png;wav;mfcribbon-ms</Extensions>
    </Filter>
    <Filter Include="helper">
      <UniqueIdentifier>{32bce6f9-9207-47b7-991e-cb01dc6b864b}</UniqueIdentifier>
    </Filter>
    <Filter Include="network">
      <UniqueIdentifier>{56a95d24-9824-4356-aef9-3cfccc79e51a}</UniqueIdentifier>
    </Filter>
    <Filter Include="json">
      <UniqueIdentifier>{0722e8a7-8acc-47d3-bbaa-8d59e8370401}</UniqueIdentifier>
    </Filter>
    <Filter Include="httpserver">
      <UniqueIdentifier>{00992658-e062-4cff-915e-e0e963ad446a}</UniqueIdentifier>
    </Filter>
  </ItemGroup>
  <ItemGroup>
    <Text Include="ReadMe.txt" />
  </ItemGroup>
  <ItemGroup>
    <ClInclude Include="AlarmClient.h">
      <Filter>头文件</Filter>
    </ClInclude>
    <ClInclude Include="AlarmClientDlg.h">
      <Filter>头文件</Filter>
    </ClInclude>
    <ClInclude Include="stdafx.h">
      <Filter>头文件</Filter>
    </ClInclude>
    <ClInclude Include="targetver.h">
      <Filter>头文件</Filter>
    </ClInclude>
    <ClInclude Include="Resource.h">
      <Filter>头文件</Filter>
    </ClInclude>
    <ClInclude Include="..\public\Base64.h">
      <Filter>helper</Filter>
    </ClInclude>
    <ClInclude Include="..\public\Helper.h">
      <Filter>helper</Filter>
    </ClInclude>
    <ClInclude Include="..\public\SM3Tool.h">
      <Filter>helper</Filter>
    </ClInclude>
    <ClInclude Include="..\public\sm4.h">
      <Filter>helper</Filter>
    </ClInclude>
    <ClInclude Include="..\public\xLogManager.h">
      <Filter>helper</Filter>
    </ClInclude>
    <ClInclude Include="io_service_pool.hpp">
      <Filter>network</Filter>
    </ClInclude>
    <ClInclude Include="NetWorkClient.h">
      <Filter>network</Filter>
    </ClInclude>
    <ClInclude Include="NetworkClientSync.h">
      <Filter>network</Filter>
    </ClInclude>
    <ClInclude Include="NetWorkPack.h">
      <Filter>network</Filter>
    </ClInclude>
    <ClInclude Include="NetworkServer.h">
      <Filter>network</Filter>
    </ClInclude>
    <ClInclude Include="usermessage.h">
      <Filter>network</Filter>
    </ClInclude>
    <ClInclude Include="eventmanager.h">
      <Filter>network</Filter>
    </ClInclude>
    <ClInclude Include="io_service_pool.h">
      <Filter>network</Filter>
    </ClInclude>
    <ClInclude Include="Connection.h">
      <Filter>network</Filter>
    </ClInclude>
    <ClInclude Include="initimg.h">
      <Filter>头文件</Filter>
    </ClInclude>
    <ClInclude Include="BStationBoard.h">
      <Filter>头文件</Filter>
    </ClInclude>
    <ClInclude Include="..\public\connection.hpp">
      <Filter>httpserver</Filter>
    </ClInclude>
    <ClInclude Include="..\public\connection_manager.hpp">
      <Filter>httpserver</Filter>
    </ClInclude>
    <ClInclude Include="..\public\iteratorWapper.h">
      <Filter>httpserver</Filter>
    </ClInclude>
    <ClInclude Include="..\public\mime_types.hpp">
      <Filter>httpserver</Filter>
    </ClInclude>
    <ClInclude Include="..\public\reply.hpp">
      <Filter>httpserver</Filter>
    </ClInclude>
    <ClInclude Include="..\public\request.hpp">
      <Filter>httpserver</Filter>
    </ClInclude>
    <ClInclude Include="..\public\request_parser.hpp">
      <Filter>httpserver</Filter>
    </ClInclude>
    <ClInclude Include="..\public\server.hpp">
      <Filter>httpserver</Filter>
    </ClInclude>
    <ClInclude Include="request_handler.hpp">
      <Filter>httpserver</Filter>
    </ClInclude>
  </ItemGroup>
  <ItemGroup>
    <ClCompile Include="AlarmClient.cpp">
      <Filter>源文件</Filter>
    </ClCompile>
    <ClCompile Include="AlarmClientDlg.cpp">
      <Filter>源文件</Filter>
    </ClCompile>
    <ClCompile Include="stdafx.cpp">
      <Filter>源文件</Filter>
    </ClCompile>
    <ClCompile Include="..\public\Base64.cpp">
      <Filter>helper</Filter>
    </ClCompile>
    <ClCompile Include="..\public\Helper.cpp">
      <Filter>helper</Filter>
    </ClCompile>
    <ClCompile Include="..\public\SM3Tool.cpp">
      <Filter>helper</Filter>
    </ClCompile>
    <ClCompile Include="..\public\sm4.c">
      <Filter>helper</Filter>
    </ClCompile>
    <ClCompile Include="..\public\xLogManager.cpp">
      <Filter>helper</Filter>
    </ClCompile>
    <ClCompile Include="NetWorkClient.cpp">
      <Filter>network</Filter>
    </ClCompile>
    <ClCompile Include="NetworkClientSync.cpp">
      <Filter>network</Filter>
    </ClCompile>
    <ClCompile Include="NetWorkPack.cpp">
      <Filter>network</Filter>
    </ClCompile>
    <ClCompile Include="NetworkServer.cpp">
      <Filter>network</Filter>
    </ClCompile>
    <ClCompile Include="io_service_pool.cpp">
      <Filter>network</Filter>
    </ClCompile>
    <ClCompile Include="Connection.cpp">
      <Filter>network</Filter>
    </ClCompile>
    <ClCompile Include="BStationBoard.cpp">
      <Filter>源文件</Filter>
    </ClCompile>
    <ClCompile Include="..\public\json\json_reader.cpp">
      <Filter>json</Filter>
    </ClCompile>
    <ClCompile Include="..\public\json\json_value.cpp">
      <Filter>json</Filter>
    </ClCompile>
    <ClCompile Include="..\public\json\json_writer.cpp">
      <Filter>json</Filter>
    </ClCompile>
    <ClCompile Include="..\public\connection_manager.cpp">
      <Filter>httpserver</Filter>
    </ClCompile>
    <ClCompile Include="..\public\httpconnection.cpp">
      <Filter>httpserver</Filter>
    </ClCompile>
    <ClCompile Include="..\public\mime_types.cpp">
      <Filter>httpserver</Filter>
    </ClCompile>
    <ClCompile Include="..\public\reply.cpp">
      <Filter>httpserver</Filter>
    </ClCompile>
    <ClCompile Include="..\public\request_parser.cpp">
      <Filter>httpserver</Filter>
    </ClCompile>
    <ClCompile Include="..\public\server.cpp">
      <Filter>httpserver</Filter>
    </ClCompile>
    <ClCompile Include="request_handler.cpp">
      <Filter>httpserver</Filter>
    </ClCompile>
  </ItemGroup>
  <ItemGroup>
    <ResourceCompile Include="AlarmClient.rc">
      <Filter>资源文件</Filter>
    </ResourceCompile>
  </ItemGroup>
  <ItemGroup>
    <None Include="res\AlarmClient.rc2">
      <Filter>资源文件</Filter>
    </None>
  </ItemGroup>
  <ItemGroup>
    <Image Include="res\AlarmClient.ico">
      <Filter>资源文件</Filter>
    </Image>
  </ItemGroup>
</Project>